{
  "name": "@doodle3d/superlogin",
  "version": "0.7.1",
  "lockfileVersion": 1,
  "requires": true,
  "dependencies": {
    "couch-pwd": {
      "version": "github:Doodle3D/couch-pwd#e2ee269f186c1e9ce33026946b9a3c0ff98b33f9"
    },
    "passport-local": {
      "version": "github:Doodle3D/passport-local#a77717cc6e889fc645b978fca18ec4e11970c024",
      "requires": {
        "passport-strategy": "1.0.0"
      }
    },
    "passport-strategy": {
      "version": "1.0.0",
      "resolved": "https://registry.npmjs.org/passport-strategy/-/passport-strategy-1.0.0.tgz",
      "integrity": "sha1-tVOaqPwiWj0a0XlHbd8ja0QPUuQ="
    }
  }
}
